
Microsoft Visual Studio Solution File, Format Version 12.00
# Visual Studio 15
VisualStudioVersion = 15.0.28307.1082
MinimumVisualStudioVersion = 10.0.40219.1
Project("{FAE04EC0-301F-11D3-BF4B-00C04F79EFBC}") = "Introduction", "Introduction\Introduction.csproj", "{A25AFCCA-FB51-4C5B-9D6E-2C4F9FFB6C7B}"
EndProject
Global
	GlobalSection(SolutionConfigurationPlatforms) = preSolution
		Debug|Any CPU = Debug|Any CPU
		Release|Any CPU = Release|Any CPU
	EndGlobalSection
	GlobalSection(ProjectConfigurationPlatforms) = postSolution
		{A25AFCCA-FB51-4C5B-9D6E-2C4F9FFB6C7B}.Debug|Any CPU.ActiveCfg = Debug|Any CPU
		{A25AFCCA-FB51-4C5B-9D6E-2C4F9FFB6C7B}.Debug|Any CPU.Build.0 = Debug|Any CPU
		{A25AFCCA-FB51-4C5B-9D6E-2C4F9FFB6C7B}.Release|Any CPU.ActiveCfg = Release|Any CPU
		{A25AFCCA-FB51-4C5B-9D6E-2C4F9FFB6C7B}.Release|Any CPU.Build.0 = Release|Any CPU
	EndGlobalSection
	GlobalSection(SolutionProperties) = preSolution
		HideSolutionNode = FALSE
	EndGlobalSection
	GlobalSection(ExtensibilityGlobals) = postSolution
		SolutionGuid = {D585556A-6AC9-4717-AA45-7F57B5B6D52D}
	EndGlobalSection
EndGlobal
