
Microsoft Visual Studio Solution File, Format Version 12.00
# Visual Studio 15
VisualStudioVersion = 15.0.28307.1082
MinimumVisualStudioVersion = 10.0.40219.1
Project("{FAE04EC0-301F-11D3-BF4B-00C04F79EFBC}") = "Introduction", "Introduction\Introduction.csproj", "{A25AFCCA-FB51-4C5B-9D6E-2C4F9FFB6C7B}"
EndProject
Project("{FAE04EC0-301F-11D3-BF4B-00C04F79EFBC}") = "DataTypes", "DataTypes\DataTypes.csproj", "{EFA678C3-3FBE-41EE-9DAE-79007CE90557}"
EndProject
Project("{FAE04EC0-301F-11D3-BF4B-00C04F79EFBC}") = "Encoding", "Encoding\Encoding.csproj", "{D1A96E49-5DB6-45BB-91C2-1BF7811C2457}"
EndProject
Project("{FAE04EC0-301F-11D3-BF4B-00C04F79EFBC}") = "ASCIItest", "ASCIItest\ASCIItest.csproj", "{A1B788C4-7BD8-4395-BDB6-D1950167A2D9}"
EndProject
Project("{FAE04EC0-301F-11D3-BF4B-00C04F79EFBC}") = "Calc", "Calc\Calc.csproj", "{D747C4E9-5037-42DB-8B65-5B5F10799B01}"
EndProject
Project("{FAE04EC0-301F-11D3-BF4B-00C04F79EFBC}") = "Arrays", "Arrays\Arrays.csproj", "{F13993C0-19D3-4D35-A0F8-C841ECEE4952}"
EndProject
Global
	GlobalSection(SolutionConfigurationPlatforms) = preSolution
		Debug|Any CPU = Debug|Any CPU
		Debug|x64 = Debug|x64
		Debug|x86 = Debug|x86
		Release|Any CPU = Release|Any CPU
		Release|x64 = Release|x64
		Release|x86 = Release|x86
	EndGlobalSection
	GlobalSection(ProjectConfigurationPlatforms) = postSolution
		{A25AFCCA-FB51-4C5B-9D6E-2C4F9FFB6C7B}.Debug|Any CPU.ActiveCfg = Debug|Any CPU
		{A25AFCCA-FB51-4C5B-9D6E-2C4F9FFB6C7B}.Debug|Any CPU.Build.0 = Debug|Any CPU
		{A25AFCCA-FB51-4C5B-9D6E-2C4F9FFB6C7B}.Debug|x64.ActiveCfg = Debug|Any CPU
		{A25AFCCA-FB51-4C5B-9D6E-2C4F9FFB6C7B}.Debug|x64.Build.0 = Debug|Any CPU
		{A25AFCCA-FB51-4C5B-9D6E-2C4F9FFB6C7B}.Debug|x86.ActiveCfg = Debug|Any CPU
		{A25AFCCA-FB51-4C5B-9D6E-2C4F9FFB6C7B}.Debug|x86.Build.0 = Debug|Any CPU
		{A25AFCCA-FB51-4C5B-9D6E-2C4F9FFB6C7B}.Release|Any CPU.ActiveCfg = Release|Any CPU
		{A25AFCCA-FB51-4C5B-9D6E-2C4F9FFB6C7B}.Release|Any CPU.Build.0 = Release|Any CPU
		{A25AFCCA-FB51-4C5B-9D6E-2C4F9FFB6C7B}.Release|x64.ActiveCfg = Release|Any CPU
		{A25AFCCA-FB51-4C5B-9D6E-2C4F9FFB6C7B}.Release|x64.Build.0 = Release|Any CPU
		{A25AFCCA-FB51-4C5B-9D6E-2C4F9FFB6C7B}.Release|x86.ActiveCfg = Release|Any CPU
		{A25AFCCA-FB51-4C5B-9D6E-2C4F9FFB6C7B}.Release|x86.Build.0 = Release|Any CPU
		{EFA678C3-3FBE-41EE-9DAE-79007CE90557}.Debug|Any CPU.ActiveCfg = Debug|Any CPU
		{EFA678C3-3FBE-41EE-9DAE-79007CE90557}.Debug|Any CPU.Build.0 = Debug|Any CPU
		{EFA678C3-3FBE-41EE-9DAE-79007CE90557}.Debug|x64.ActiveCfg = Debug|Any CPU
		{EFA678C3-3FBE-41EE-9DAE-79007CE90557}.Debug|x64.Build.0 = Debug|Any CPU
		{EFA678C3-3FBE-41EE-9DAE-79007CE90557}.Debug|x86.ActiveCfg = Debug|Any CPU
		{EFA678C3-3FBE-41EE-9DAE-79007CE90557}.Debug|x86.Build.0 = Debug|Any CPU
		{EFA678C3-3FBE-41EE-9DAE-79007CE90557}.Release|Any CPU.ActiveCfg = Release|Any CPU
		{EFA678C3-3FBE-41EE-9DAE-79007CE90557}.Release|Any CPU.Build.0 = Release|Any CPU
		{EFA678C3-3FBE-41EE-9DAE-79007CE90557}.Release|x64.ActiveCfg = Release|Any CPU
		{EFA678C3-3FBE-41EE-9DAE-79007CE90557}.Release|x64.Build.0 = Release|Any CPU
		{EFA678C3-3FBE-41EE-9DAE-79007CE90557}.Release|x86.ActiveCfg = Release|Any CPU
		{EFA678C3-3FBE-41EE-9DAE-79007CE90557}.Release|x86.Build.0 = Release|Any CPU
		{D1A96E49-5DB6-45BB-91C2-1BF7811C2457}.Debug|Any CPU.ActiveCfg = Debug|Any CPU
		{D1A96E49-5DB6-45BB-91C2-1BF7811C2457}.Debug|Any CPU.Build.0 = Debug|Any CPU
		{D1A96E49-5DB6-45BB-91C2-1BF7811C2457}.Debug|x64.ActiveCfg = Debug|Any CPU
		{D1A96E49-5DB6-45BB-91C2-1BF7811C2457}.Debug|x64.Build.0 = Debug|Any CPU
		{D1A96E49-5DB6-45BB-91C2-1BF7811C2457}.Debug|x86.ActiveCfg = Debug|Any CPU
		{D1A96E49-5DB6-45BB-91C2-1BF7811C2457}.Debug|x86.Build.0 = Debug|Any CPU
		{D1A96E49-5DB6-45BB-91C2-1BF7811C2457}.Release|Any CPU.ActiveCfg = Release|Any CPU
		{D1A96E49-5DB6-45BB-91C2-1BF7811C2457}.Release|Any CPU.Build.0 = Release|Any CPU
		{D1A96E49-5DB6-45BB-91C2-1BF7811C2457}.Release|x64.ActiveCfg = Release|Any CPU
		{D1A96E49-5DB6-45BB-91C2-1BF7811C2457}.Release|x64.Build.0 = Release|Any CPU
		{D1A96E49-5DB6-45BB-91C2-1BF7811C2457}.Release|x86.ActiveCfg = Release|Any CPU
		{D1A96E49-5DB6-45BB-91C2-1BF7811C2457}.Release|x86.Build.0 = Release|Any CPU
		{A1B788C4-7BD8-4395-BDB6-D1950167A2D9}.Debug|Any CPU.ActiveCfg = Debug|Any CPU
		{A1B788C4-7BD8-4395-BDB6-D1950167A2D9}.Debug|Any CPU.Build.0 = Debug|Any CPU
		{A1B788C4-7BD8-4395-BDB6-D1950167A2D9}.Debug|x64.ActiveCfg = Debug|Any CPU
		{A1B788C4-7BD8-4395-BDB6-D1950167A2D9}.Debug|x64.Build.0 = Debug|Any CPU
		{A1B788C4-7BD8-4395-BDB6-D1950167A2D9}.Debug|x86.ActiveCfg = Debug|Any CPU
		{A1B788C4-7BD8-4395-BDB6-D1950167A2D9}.Debug|x86.Build.0 = Debug|Any CPU
		{A1B788C4-7BD8-4395-BDB6-D1950167A2D9}.Release|Any CPU.ActiveCfg = Release|Any CPU
		{A1B788C4-7BD8-4395-BDB6-D1950167A2D9}.Release|Any CPU.Build.0 = Release|Any CPU
		{A1B788C4-7BD8-4395-BDB6-D1950167A2D9}.Release|x64.ActiveCfg = Release|Any CPU
		{A1B788C4-7BD8-4395-BDB6-D1950167A2D9}.Release|x64.Build.0 = Release|Any CPU
		{A1B788C4-7BD8-4395-BDB6-D1950167A2D9}.Release|x86.ActiveCfg = Release|Any CPU
		{A1B788C4-7BD8-4395-BDB6-D1950167A2D9}.Release|x86.Build.0 = Release|Any CPU
		{D747C4E9-5037-42DB-8B65-5B5F10799B01}.Debug|Any CPU.ActiveCfg = Debug|Any CPU
		{D747C4E9-5037-42DB-8B65-5B5F10799B01}.Debug|Any CPU.Build.0 = Debug|Any CPU
		{D747C4E9-5037-42DB-8B65-5B5F10799B01}.Debug|x64.ActiveCfg = Debug|Any CPU
		{D747C4E9-5037-42DB-8B65-5B5F10799B01}.Debug|x64.Build.0 = Debug|Any CPU
		{D747C4E9-5037-42DB-8B65-5B5F10799B01}.Debug|x86.ActiveCfg = Debug|Any CPU
		{D747C4E9-5037-42DB-8B65-5B5F10799B01}.Debug|x86.Build.0 = Debug|Any CPU
		{D747C4E9-5037-42DB-8B65-5B5F10799B01}.Release|Any CPU.ActiveCfg = Release|Any CPU
		{D747C4E9-5037-42DB-8B65-5B5F10799B01}.Release|Any CPU.Build.0 = Release|Any CPU
		{D747C4E9-5037-42DB-8B65-5B5F10799B01}.Release|x64.ActiveCfg = Release|Any CPU
		{D747C4E9-5037-42DB-8B65-5B5F10799B01}.Release|x64.Build.0 = Release|Any CPU
		{D747C4E9-5037-42DB-8B65-5B5F10799B01}.Release|x86.ActiveCfg = Release|Any CPU
		{D747C4E9-5037-42DB-8B65-5B5F10799B01}.Release|x86.Build.0 = Release|Any CPU
		{F13993C0-19D3-4D35-A0F8-C841ECEE4952}.Debug|Any CPU.ActiveCfg = Debug|Any CPU
		{F13993C0-19D3-4D35-A0F8-C841ECEE4952}.Debug|Any CPU.Build.0 = Debug|Any CPU
		{F13993C0-19D3-4D35-A0F8-C841ECEE4952}.Debug|x64.ActiveCfg = Debug|Any CPU
		{F13993C0-19D3-4D35-A0F8-C841ECEE4952}.Debug|x64.Build.0 = Debug|Any CPU
		{F13993C0-19D3-4D35-A0F8-C841ECEE4952}.Debug|x86.ActiveCfg = Debug|Any CPU
		{F13993C0-19D3-4D35-A0F8-C841ECEE4952}.Debug|x86.Build.0 = Debug|Any CPU
		{F13993C0-19D3-4D35-A0F8-C841ECEE4952}.Release|Any CPU.ActiveCfg = Release|Any CPU
		{F13993C0-19D3-4D35-A0F8-C841ECEE4952}.Release|Any CPU.Build.0 = Release|Any CPU
		{F13993C0-19D3-4D35-A0F8-C841ECEE4952}.Release|x64.ActiveCfg = Release|Any CPU
		{F13993C0-19D3-4D35-A0F8-C841ECEE4952}.Release|x64.Build.0 = Release|Any CPU
		{F13993C0-19D3-4D35-A0F8-C841ECEE4952}.Release|x86.ActiveCfg = Release|Any CPU
		{F13993C0-19D3-4D35-A0F8-C841ECEE4952}.Release|x86.Build.0 = Release|Any CPU
	EndGlobalSection
	GlobalSection(SolutionProperties) = preSolution
		HideSolutionNode = FALSE
	EndGlobalSection
	GlobalSection(ExtensibilityGlobals) = postSolution
		SolutionGuid = {D585556A-6AC9-4717-AA45-7F57B5B6D52D}
	EndGlobalSection
EndGlobal
